
Microsoft Visual Studio Solution File, Format Version 12.00
# Visual Studio 15
VisualStudioVersion = 15.0.28307.757
MinimumVisualStudioVersion = 10.0.40219.1
Project("{FAE04EC0-301F-11D3-BF4B-00C04F79EFBC}") = "BankDashboard", "BankDashboard\BankDashboard.csproj", "{969D6989-ECE6-48E0-B8B6-56348E9A06F2}"
EndProject
Project("{FAE04EC0-301F-11D3-BF4B-00C04F79EFBC}") = "BankMuscat", "BankMuscat\BankMuscat.csproj", "{1F04D016-AC56-40EE-AEA5-BD47D1FB9F88}"
EndProject
Global
	GlobalSection(SolutionConfigurationPlatforms) = preSolution
		Debug|Any CPU = Debug|Any CPU
		Release|Any CPU = Release|Any CPU
	EndGlobalSection
	GlobalSection(ProjectConfigurationPlatforms) = postSolution
		{969D6989-ECE6-48E0-B8B6-56348E9A06F2}.Debug|Any CPU.ActiveCfg = Debug|Any CPU
		{969D6989-ECE6-48E0-B8B6-56348E9A06F2}.Debug|Any CPU.Build.0 = Debug|Any CPU
		{969D6989-ECE6-48E0-B8B6-56348E9A06F2}.Release|Any CPU.ActiveCfg = Release|Any CPU
		{969D6989-ECE6-48E0-B8B6-56348E9A06F2}.Release|Any CPU.Build.0 = Release|Any CPU
		{1F04D016-AC56-40EE-AEA5-BD47D1FB9F88}.Debug|Any CPU.ActiveCfg = Debug|Any CPU
		{1F04D016-AC56-40EE-AEA5-BD47D1FB9F88}.Debug|Any CPU.Build.0 = Debug|Any CPU
		{1F04D016-AC56-40EE-AEA5-BD47D1FB9F88}.Release|Any CPU.ActiveCfg = Release|Any CPU
		{1F04D016-AC56-40EE-AEA5-BD47D1FB9F88}.Release|Any CPU.Build.0 = Release|Any CPU
	EndGlobalSection
	GlobalSection(SolutionProperties) = preSolution
		HideSolutionNode = FALSE
	EndGlobalSection
	GlobalSection(ExtensibilityGlobals) = postSolution
		SolutionGuid = {0BCFD215-0F62-42DE-A1AC-963C2AA99E03}
	EndGlobalSection
EndGlobal
